
Microsoft Visual Studio Solution File, Format Version 12.00
# Visual Studio 2013
VisualStudioVersion = 12.0.21005.1
MinimumVisualStudioVersion = 10.0.40219.1
Project("{E24C65DC-7377-472B-9ABA-BC803B73C61A}") = "AspService", "AspService\", "{0954237D-94AE-40E2-ABFC-A185F6AA6554}"
	ProjectSection(WebsiteProperties) = preProject
		TargetFrameworkMoniker = ".NETFramework,Version%3Dv3.5"
		Debug.AspNetCompiler.VirtualPath = "/AspService"
		Debug.AspNetCompiler.PhysicalPath = "AspService\"
		Debug.AspNetCompiler.TargetPath = "PrecompiledWeb\AspService\"
		Debug.AspNetCompiler.Updateable = "true"
		Debug.AspNetCompiler.ForceOverwrite = "true"
		Debug.AspNetCompiler.FixedNames = "false"
		Debug.AspNetCompiler.Debug = "True"
		Release.AspNetCompiler.VirtualPath = "/AspService"
		Release.AspNetCompiler.PhysicalPath = "AspService\"
		Release.AspNetCompiler.TargetPath = "PrecompiledWeb\AspService\"
		Release.AspNetCompiler.Updateable = "true"
		Release.AspNetCompiler.ForceOverwrite = "true"
		Release.AspNetCompiler.FixedNames = "false"
		Release.AspNetCompiler.Debug = "False"
		VWDPort = "4917"
		SlnRelativePath = "AspService\"
	EndProjectSection
EndProject
Project("{E24C65DC-7377-472B-9ABA-BC803B73C61A}") = "WCFService", "WCFService\", "{AFD1BA36-3307-4997-9C9F-6313E61798D6}"
	ProjectSection(WebsiteProperties) = preProject
		TargetFrameworkMoniker = ".NETFramework,Version%3Dv3.5"
		Debug.AspNetCompiler.VirtualPath = "/WCFService"
		Debug.AspNetCompiler.PhysicalPath = "WCFService\"
		Debug.AspNetCompiler.TargetPath = "PrecompiledWeb\WCFService\"
		Debug.AspNetCompiler.Updateable = "true"
		Debug.AspNetCompiler.ForceOverwrite = "true"
		Debug.AspNetCompiler.FixedNames = "false"
		Debug.AspNetCompiler.Debug = "True"
		Release.AspNetCompiler.VirtualPath = "/WCFService"
		Release.AspNetCompiler.PhysicalPath = "WCFService\"
		Release.AspNetCompiler.TargetPath = "PrecompiledWeb\WCFService\"
		Release.AspNetCompiler.Updateable = "true"
		Release.AspNetCompiler.ForceOverwrite = "true"
		Release.AspNetCompiler.FixedNames = "false"
		Release.AspNetCompiler.Debug = "False"
		VWDPort = "4922"
		SlnRelativePath = "WCFService\"
	EndProjectSection
EndProject
Project("{E24C65DC-7377-472B-9ABA-BC803B73C61A}") = "MyPetShop", "MyPetShop\", "{AEDAFB24-F87D-4782-92B5-D9EE2F0A373C}"
	ProjectSection(WebsiteProperties) = preProject
		TargetFrameworkMoniker = ".NETFramework,Version%3Dv3.5"
		Debug.AspNetCompiler.VirtualPath = "/MyPetShop"
		Debug.AspNetCompiler.PhysicalPath = "MyPetShop\"
		Debug.AspNetCompiler.TargetPath = "PrecompiledWeb\MyPetShop\"
		Debug.AspNetCompiler.Updateable = "true"
		Debug.AspNetCompiler.ForceOverwrite = "true"
		Debug.AspNetCompiler.FixedNames = "false"
		Debug.AspNetCompiler.Debug = "True"
		Release.AspNetCompiler.VirtualPath = "/MyPetShop"
		Release.AspNetCompiler.PhysicalPath = "MyPetShop\"
		Release.AspNetCompiler.TargetPath = "PrecompiledWeb\MyPetShop\"
		Release.AspNetCompiler.Updateable = "true"
		Release.AspNetCompiler.ForceOverwrite = "true"
		Release.AspNetCompiler.FixedNames = "false"
		Release.AspNetCompiler.Debug = "False"
		VWDPort = "4921"
		SlnRelativePath = "MyPetShop\"
	EndProjectSection
EndProject
Global
	GlobalSection(SolutionConfigurationPlatforms) = preSolution
		Debug|.NET = Debug|.NET
		Debug|Any CPU = Debug|Any CPU
		Debug|Mixed Platforms = Debug|Mixed Platforms
		Release|.NET = Release|.NET
		Release|Any CPU = Release|Any CPU
		Release|Mixed Platforms = Release|Mixed Platforms
	EndGlobalSection
	GlobalSection(ProjectConfigurationPlatforms) = postSolution
		{0954237D-94AE-40E2-ABFC-A185F6AA6554}.Debug|.NET.ActiveCfg = Debug|Any CPU
		{0954237D-94AE-40E2-ABFC-A185F6AA6554}.Debug|Any CPU.ActiveCfg = Debug|Any CPU
		{0954237D-94AE-40E2-ABFC-A185F6AA6554}.Debug|Any CPU.Build.0 = Debug|Any CPU
		{0954237D-94AE-40E2-ABFC-A185F6AA6554}.Debug|Mixed Platforms.ActiveCfg = Debug|Any CPU
		{0954237D-94AE-40E2-ABFC-A185F6AA6554}.Debug|Mixed Platforms.Build.0 = Debug|Any CPU
		{0954237D-94AE-40E2-ABFC-A185F6AA6554}.Release|.NET.ActiveCfg = Debug|Any CPU
		{0954237D-94AE-40E2-ABFC-A185F6AA6554}.Release|Any CPU.ActiveCfg = Debug|Any CPU
		{0954237D-94AE-40E2-ABFC-A185F6AA6554}.Release|Any CPU.Build.0 = Debug|Any CPU
		{0954237D-94AE-40E2-ABFC-A185F6AA6554}.Release|Mixed Platforms.ActiveCfg = Debug|Any CPU
		{0954237D-94AE-40E2-ABFC-A185F6AA6554}.Release|Mixed Platforms.Build.0 = Debug|Any CPU
		{AFD1BA36-3307-4997-9C9F-6313E61798D6}.Debug|.NET.ActiveCfg = Debug|Any CPU
		{AFD1BA36-3307-4997-9C9F-6313E61798D6}.Debug|Any CPU.ActiveCfg = Debug|Any CPU
		{AFD1BA36-3307-4997-9C9F-6313E61798D6}.Debug|Any CPU.Build.0 = Debug|Any CPU
		{AFD1BA36-3307-4997-9C9F-6313E61798D6}.Debug|Mixed Platforms.ActiveCfg = Debug|Any CPU
		{AFD1BA36-3307-4997-9C9F-6313E61798D6}.Debug|Mixed Platforms.Build.0 = Debug|Any CPU
		{AFD1BA36-3307-4997-9C9F-6313E61798D6}.Release|.NET.ActiveCfg = Debug|Any CPU
		{AFD1BA36-3307-4997-9C9F-6313E61798D6}.Release|Any CPU.ActiveCfg = Debug|Any CPU
		{AFD1BA36-3307-4997-9C9F-6313E61798D6}.Release|Any CPU.Build.0 = Debug|Any CPU
		{AFD1BA36-3307-4997-9C9F-6313E61798D6}.Release|Mixed Platforms.ActiveCfg = Debug|Any CPU
		{AFD1BA36-3307-4997-9C9F-6313E61798D6}.Release|Mixed Platforms.Build.0 = Debug|Any CPU
		{AEDAFB24-F87D-4782-92B5-D9EE2F0A373C}.Debug|.NET.ActiveCfg = Debug|Any CPU
		{AEDAFB24-F87D-4782-92B5-D9EE2F0A373C}.Debug|Any CPU.ActiveCfg = Debug|Any CPU
		{AEDAFB24-F87D-4782-92B5-D9EE2F0A373C}.Debug|Any CPU.Build.0 = Debug|Any CPU
		{AEDAFB24-F87D-4782-92B5-D9EE2F0A373C}.Debug|Mixed Platforms.ActiveCfg = Debug|Any CPU
		{AEDAFB24-F87D-4782-92B5-D9EE2F0A373C}.Debug|Mixed Platforms.Build.0 = Debug|Any CPU
		{AEDAFB24-F87D-4782-92B5-D9EE2F0A373C}.Release|.NET.ActiveCfg = Debug|Any CPU
		{AEDAFB24-F87D-4782-92B5-D9EE2F0A373C}.Release|Any CPU.ActiveCfg = Debug|Any CPU
		{AEDAFB24-F87D-4782-92B5-D9EE2F0A373C}.Release|Any CPU.Build.0 = Debug|Any CPU
		{AEDAFB24-F87D-4782-92B5-D9EE2F0A373C}.Release|Mixed Platforms.ActiveCfg = Debug|Any CPU
		{AEDAFB24-F87D-4782-92B5-D9EE2F0A373C}.Release|Mixed Platforms.Build.0 = Debug|Any CPU
	EndGlobalSection
	GlobalSection(SolutionProperties) = preSolution
		HideSolutionNode = FALSE
	EndGlobalSection
EndGlobal
